// !$*UTF8*$!
{
	archiveVersion = 1;
	classes = {
	};
	objectVersion = 46;
	objects = {

/* Begin PBXBuildFile section */
		496BAAC51D90B38B00C58C79 /* AppDelegate.swift in Sources */ = {isa = PBXBuildFile; fileRef = 496BAAC41D90B38B00C58C79 /* AppDelegate.swift */; };
		496BAAC71D90B38B00C58C79 /* ViewController.swift in Sources */ = {isa = PBXBuildFile; fileRef = 496BAAC61D90B38B00C58C79 /* ViewController.swift */; };
		496BAACA1D90B38B00C58C79 /* Main.storyboard in Resources */ = {isa = PBXBuildFile; fileRef = 496BAAC81D90B38B00C58C79 /* Main.storyboard */; };
		496BAACC1D90B38B00C58C79 /* Assets.xcassets in Resources */ = {isa = PBXBuildFile; fileRef = 496BAACB1D90B38B00C58C79 /* Assets.xcassets */; };
		496BAACF1D90B38B00C58C79 /* LaunchScreen.storyboard in Resources */ = {isa = PBXBuildFile; fileRef = 496BAACD1D90B38B00C58C79 /* LaunchScreen.storyboard */; };
		496BAAD71D90B40E00C58C79 /* ChatHelper.swift in Sources */ = {isa = PBXBuildFile; fileRef = 496BAAD61D90B40E00C58C79 /* ChatHelper.swift */; };
		4FDCADCE9208A997EC41ABCB /* Pods_Chat.framework in Frameworks */ = {isa = PBXBuildFile; fileRef = F1AFDA43DA5A86FB157CA755 /* Pods_Chat.framework */; };
		89B8A8CD1D93698F007CCBA8 /* Redis.swift in Sources */ = {isa = PBXBuildFile; fileRef = 89B8A8CC1D93698F007CCBA8 /* Redis.swift */; };
/* End PBXBuildFile section */

/* Begin PBXFileReference section */
		496BAAC11D90B38B00C58C79 /* Chat.app */ = {isa = PBXFileReference; explicitFileType = wrapper.application; includeInIndex = 0; path = Chat.app; sourceTree = BUILT_PRODUCTS_DIR; };
		496BAAC41D90B38B00C58C79 /* AppDelegate.swift */ = {isa = PBXFileReference; lastKnownFileType = sourcecode.swift; path = AppDelegate.swift; sourceTree = "<group>"; };
		496BAAC61D90B38B00C58C79 /* ViewController.swift */ = {isa = PBXFileReference; lastKnownFileType = sourcecode.swift; path = ViewController.swift; sourceTree = "<group>"; };
		496BAAC91D90B38B00C58C79 /* Base */ = {isa = PBXFileReference; lastKnownFileType = file.storyboard; name = Base; path = Base.lproj/Main.storyboard; sourceTree = "<group>"; };
		496BAACB1D90B38B00C58C79 /* Assets.xcassets */ = {isa = PBXFileReference; lastKnownFileType = folder.assetcatalog; path = Assets.xcassets; sourceTree = "<group>"; };
		496BAACE1D90B38B00C58C79 /* Base */ = {isa = PBXFileReference; lastKnownFileType = file.storyboard; name = Base; path = Base.lproj/LaunchScreen.storyboard; sourceTree = "<group>"; };
		496BAAD01D90B38B00C58C79 /* Info.plist */ = {isa = PBXFileReference; lastKnownFileType = text.plist.xml; path = Info.plist; sourceTree = "<group>"; };
		496BAAD61D90B40E00C58C79 /* ChatHelper.swift */ = {isa = PBXFileReference; fileEncoding = 4; lastKnownFileType = sourcecode.swift; path = ChatHelper.swift; sourceTree = "<group>"; };
		51092AA261019412EA6A80EF /* Pods-Chat.release.xcconfig */ = {isa = PBXFileReference; includeInIndex = 1; lastKnownFileType = text.xcconfig; name = "Pods-Chat.release.xcconfig"; path = "Pods/Target Support Files/Pods-Chat/Pods-Chat.release.xcconfig"; sourceTree = "<group>"; };
		89B8A8CC1D93698F007CCBA8 /* Redis.swift */ = {isa = PBXFileReference; fileEncoding = 4; lastKnownFileType = sourcecode.swift; name = Redis.swift; path = ../../RedisDemo/RedisDemo/Redis.swift; sourceTree = "<group>"; };
		F1AFDA43DA5A86FB157CA755 /* Pods_Chat.framework */ = {isa = PBXFileReference; explicitFileType = wrapper.framework; includeInIndex = 0; path = Pods_Chat.framework; sourceTree = BUILT_PRODUCTS_DIR; };
		F3B79B58564E37ECF80544BC /* Pods-Chat.debug.xcconfig */ = {isa = PBXFileReference; includeInIndex = 1; lastKnownFileType = text.xcconfig; name = "Pods-Chat.debug.xcconfig"; path = "Pods/Target Support Files/Pods-Chat/Pods-Chat.debug.xcconfig"; sourceTree = "<group>"; };
/* End PBXFileReference section */

/* Begin PBXFrameworksBuildPhase section */
		496BAABE1D90B38A00C58C79 /* Frameworks */ = {
			isa = PBXFrameworksBuildPhase;
			buildActionMask = 2147483647;
			files = (
				4FDCADCE9208A997EC41ABCB /* Pods_Chat.framework in Frameworks */,
			);
			runOnlyForDeploymentPostprocessing = 0;
		};
/* End PBXFrameworksBuildPhase section */

/* Begin PBXGroup section */
		496BAAB81D90B38A00C58C79 = {
			isa = PBXGroup;
			children = (
				496BAAC31D90B38B00C58C79 /* Chat */,
				496BAAC21D90B38B00C58C79 /* Products */,
				75E0E29BC4D71BB2452CEAE9 /* Pods */,
				ECDA71A77DD67B9A819CE232 /* Frameworks */,
			);
			sourceTree = "<group>";
		};
		496BAAC21D90B38B00C58C79 /* Products */ = {
			isa = PBXGroup;
			children = (
				496BAAC11D90B38B00C58C79 /* Chat.app */,
			);
			name = Products;
			sourceTree = "<group>";
		};
		496BAAC31D90B38B00C58C79 /* Chat */ = {
			isa = PBXGroup;
			children = (
				89B8A8CC1D93698F007CCBA8 /* Redis.swift */,
				496BAAC41D90B38B00C58C79 /* AppDelegate.swift */,
				496BAAC61D90B38B00C58C79 /* ViewController.swift */,
				496BAAD61D90B40E00C58C79 /* ChatHelper.swift */,
				496BAAC81D90B38B00C58C79 /* Main.storyboard */,
				496BAACB1D90B38B00C58C79 /* Assets.xcassets */,
				496BAACD1D90B38B00C58C79 /* LaunchScreen.storyboard */,
				496BAAD01D90B38B00C58C79 /* Info.plist */,
			);
			path = Chat;
			sourceTree = "<group>";
		};
		75E0E29BC4D71BB2452CEAE9 /* Pods */ = {
			isa = PBXGroup;
			children = (
				F3B79B58564E37ECF80544BC /* Pods-Chat.debug.xcconfig */,
				51092AA261019412EA6A80EF /* Pods-Chat.release.xcconfig */,
			);
			name = Pods;
			sourceTree = "<group>";
		};
		ECDA71A77DD67B9A819CE232 /* Frameworks */ = {
			isa = PBXGroup;
			children = (
				F1AFDA43DA5A86FB157CA755 /* Pods_Chat.framework */,
			);
			name = Frameworks;
			sourceTree = "<group>";
		};
/* End PBXGroup section */

/* Begin PBXNativeTarget section */
		496BAAC01D90B38A00C58C79 /* Chat */ = {
			isa = PBXNativeTarget;
			buildConfigurationList = 496BAAD31D90B38B00C58C79 /* Build configuration list for PBXNativeTarget "Chat" */;
			buildPhases = (
				7FBAD58AD95397E4ADA276E8 /* [CP] Check Pods Manifest.lock */,
				496BAABD1D90B38A00C58C79 /* Sources */,
				496BAABE1D90B38A00C58C79 /* Frameworks */,
				496BAABF1D90B38A00C58C79 /* Resources */,
				EFEE8CC506A82DE56A5B9C9A /* [CP] Embed Pods Frameworks */,
				1ACA832328679FAA3097D834 /* [CP] Copy Pods Resources */,
			);
			buildRules = (
			);
			dependencies = (
			);
			name = Chat;
			productName = Chat;
			productReference = 496BAAC11D90B38B00C58C79 /* Chat.app */;
			productType = "com.apple.product-type.application";
		};
/* End PBXNativeTarget section */

/* Begin PBXProject section */
		496BAAB91D90B38A00C58C79 /* Project object */ = {
			isa = PBXProject;
			attributes = {
				LastSwiftUpdateCheck = 0800;
				LastUpgradeCheck = 0800;
				ORGANIZATIONNAME = sfhacks;
				TargetAttributes = {
					496BAAC01D90B38A00C58C79 = {
						CreatedOnToolsVersion = 8.0;
						ProvisioningStyle = Automatic;
					};
				};
			};
			buildConfigurationList = 496BAABC1D90B38A00C58C79 /* Build configuration list for PBXProject "Chat" */;
			compatibilityVersion = "Xcode 3.2";
			developmentRegion = English;
			hasScannedForEncodings = 0;
			knownRegions = (
				en,
				Base,
			);
			mainGroup = 496BAAB81D90B38A00C58C79;
			productRefGroup = 496BAAC21D90B38B00C58C79 /* Products */;
			projectDirPath = "";
			projectRoot = "";
			targets = (
				496BAAC01D90B38A00C58C79 /* Chat */,
			);
		};
/* End PBXProject section */

/* Begin PBXResourcesBuildPhase section */
		496BAABF1D90B38A00C58C79 /* Resources */ = {
			isa = PBXResourcesBuildPhase;
			buildActionMask = 2147483647;
			files = (
				496BAACF1D90B38B00C58C79 /* LaunchScreen.storyboard in Resources */,
				496BAACC1D90B38B00C58C79 /* Assets.xcassets in Resources */,
				496BAACA1D90B38B00C58C79 /* Main.storyboard in Resources */,
			);
			runOnlyForDeploymentPostprocessing = 0;
		};
/* End PBXResourcesBuildPhase section */

/* Begin PBXShellScriptBuildPhase section */
		1ACA832328679FAA3097D834 /* [CP] Copy Pods Resources */ = {
			isa = PBXShellScriptBuildPhase;
			buildActionMask = 2147483647;
			files = (
			);
			inputPaths = (
			);
			name = "[CP] Copy Pods Resources";
			outputPaths = (
			);
			runOnlyForDeploymentPostprocessing = 0;
			shellPath = /bin/sh;
			shellScript = "\"${SRCROOT}/Pods/Target Support Files/Pods-Chat/Pods-Chat-resources.sh\"\n";
			showEnvVarsInLog = 0;
		};
		7FBAD58AD95397E4ADA276E8 /* [CP] Check Pods Manifest.lock */ = {
			isa = PBXShellScriptBuildPhase;
			buildActionMask = 2147483647;
			files = (
			);
			inputPaths = (
			);
			name = "[CP] Check Pods Manifest.lock";
			outputPaths = (
			);
			runOnlyForDeploymentPostprocessing = 0;
			shellPath = /bin/sh;
			shellScript = "diff \"${PODS_ROOT}/../Podfile.lock\" \"${PODS_ROOT}/Manifest.lock\" > /dev/null\nif [[ $? != 0 ]] ; then\n    cat << EOM\nerror: The sandbox is not in sync with the Podfile.lock. Run 'pod install' or update your CocoaPods installation.\nEOM\n    exit 1\nfi\n";
			showEnvVarsInLog = 0;
		};
		EFEE8CC506A82DE56A5B9C9A /* [CP] Embed Pods Frameworks */ = {
			isa = PBXShellScriptBuildPhase;
			buildActionMask = 2147483647;
			files = (
			);
			inputPaths = (
			);
			name = "[CP] Embed Pods Frameworks";
			outputPaths = (
			);
			runOnlyForDeploymentPostprocessing = 0;
			shellPath = /bin/sh;
			shellScript = "\"${SRCROOT}/Pods/Target Support Files/Pods-Chat/Pods-Chat-frameworks.sh\"\n";
			showEnvVarsInLog = 0;
		};
/* End PBXShellScriptBuildPhase section */

/* Begin PBXSourcesBuildPhase section */
		496BAABD1D90B38A00C58C79 /* Sources */ = {
			isa = PBXSourcesBuildPhase;
			buildActionMask = 2147483647;
			files = (
				496BAAC71D90B38B00C58C79 /* ViewController.swift in Sources */,
				89B8A8CD1D93698F007CCBA8 /* Redis.swift in Sources */,
				496BAAD71D90B40E00C58C79 /* ChatHelper.swift in Sources */,
				496BAAC51D90B38B00C58C79 /* AppDelegate.swift in Sources */,
			);
			runOnlyForDeploymentPostprocessing = 0;
		};
/* End PBXSourcesBuildPhase section */

/* Begin PBXVariantGroup section */
		496BAAC81D90B38B00C58C79 /* Main.storyboard */ = {
			isa = PBXVariantGroup;
			children = (
				496BAAC91D90B38B00C58C79 /* Base */,
			);
			name = Main.storyboard;
			sourceTree = "<group>";
		};
		496BAACD1D90B38B00C58C79 /* LaunchScreen.storyboard */ = {
			isa = PBXVariantGroup;
			children = (
				496BAACE1D90B38B00C58C79 /* Base */,
			);
			name = LaunchScreen.storyboard;
			sourceTree = "<group>";
		};
/* End PBXVariantGroup section */

/* Begin XCBuildConfiguration section */
		496BAAD11D90B38B00C58C79 /* Debug */ = {
			isa = XCBuildConfiguration;
			buildSettings = {
				ALWAYS_SEARCH_USER_PATHS = NO;
				CLANG_ANALYZER_NONNULL = YES;
				CLANG_CXX_LANGUAGE_STANDARD = "gnu++0x";
				CLANG_CXX_LIBRARY = "libc++";
				CLANG_ENABLE_MODULES = YES;
				CLANG_ENABLE_OBJC_ARC = YES;
				CLANG_WARN_BOOL_CONVERSION = YES;
				CLANG_WARN_CONSTANT_CONVERSION = YES;
				CLANG_WARN_DIRECT_OBJC_ISA_USAGE = YES_ERROR;
				CLANG_WARN_DOCUMENTATION_COMMENTS = YES;
				CLANG_WARN_EMPTY_BODY = YES;
				CLANG_WARN_ENUM_CONVERSION = YES;
				CLANG_WARN_INFINITE_RECURSION = YES;
				CLANG_WARN_INT_CONVERSION = YES;
				CLANG_WARN_OBJC_ROOT_CLASS = YES_ERROR;
				CLANG_WARN_SUSPICIOUS_MOVES = YES;
				CLANG_WARN_UNREACHABLE_CODE = YES;
				CLANG_WARN__DUPLICATE_METHOD_MATCH = YES;
				"CODE_SIGN_IDENTITY[sdk=iphoneos*]" = "iPhone Developer";
				COPY_PHASE_STRIP = NO;
				DEBUG_INFORMATION_FORMAT = dwarf;
				ENABLE_STRICT_OBJC_MSGSEND = YES;
				ENABLE_TESTABILITY = YES;
				GCC_C_LANGUAGE_STANDARD = gnu99;
				GCC_DYNAMIC_NO_PIC = NO;
				GCC_NO_COMMON_BLOCKS = YES;
				GCC_OPTIMIZATION_LEVEL = 0;
				GCC_PREPROCESSOR_DEFINITIONS = (
					"DEBUG=1",
					"$(inherited)",
				);
				GCC_WARN_64_TO_32_BIT_CONVERSION = YES;
				GCC_WARN_ABOUT_RETURN_TYPE = YES_ERROR;
				GCC_WARN_UNDECLARED_SELECTOR = YES;
				GCC_WARN_UNINITIALIZED_AUTOS = YES_AGGRESSIVE;
				GCC_WARN_UNUSED_FUNCTION = YES;
				GCC_WARN_UNUSED_VARIABLE = YES;
				IPHONEOS_DEPLOYMENT_TARGET = 10.0;
				MTL_ENABLE_DEBUG_INFO = YES;
				ONLY_ACTIVE_ARCH = YES;
				SDKROOT = iphoneos;
				SWIFT_ACTIVE_COMPILATION_CONDITIONS = DEBUG;
				SWIFT_OPTIMIZATION_LEVEL = "-Onone";
				TARGETED_DEVICE_FAMILY = "1,2";
			};
			name = Debug;
		};
		496BAAD21D90B38B00C58C79 /* Release */ = {
			isa = XCBuildConfiguration;
			buildSettings = {
				ALWAYS_SEARCH_USER_PATHS = NO;
				CLANG_ANALYZER_NONNULL = YES;
				CLANG_CXX_LANGUAGE_STANDARD = "gnu++0x";
				CLANG_CXX_LIBRARY = "libc++";
				CLANG_ENABLE_MODULES = YES;
				CLANG_ENABLE_OBJC_ARC = YES;
				CLANG_WARN_BOOL_CONVERSION = YES;
				CLANG_WARN_CONSTANT_CONVERSION = YES;
				CLANG_WARN_DIRECT_OBJC_ISA_USAGE = YES_ERROR;
				CLANG_WARN_DOCUMENTATION_COMMENTS = YES;
				CLANG_WARN_EMPTY_BODY = YES;
				CLANG_WARN_ENUM_CONVERSION = YES;
				CLANG_WARN_INFINITE_RECURSION = YES;
				CLANG_WARN_INT_CONVERSION = YES;
				CLANG_WARN_OBJC_ROOT_CLASS = YES_ERROR;
				CLANG_WARN_SUSPICIOUS_MOVES = YES;
				CLANG_WARN_UNREACHABLE_CODE = YES;
				CLANG_WARN__DUPLICATE_METHOD_MATCH = YES;
				"CODE_SIGN_IDENTITY[sdk=iphoneos*]" = "iPhone Developer";
				COPY_PHASE_STRIP = NO;
				DEBUG_INFORMATION_FORMAT = "dwarf-with-dsym";
				ENABLE_NS_ASSERTIONS = NO;
				ENABLE_STRICT_OBJC_MSGSEND = YES;
				GCC_C_LANGUAGE_STANDARD = gnu99;
				GCC_NO_COMMON_BLOCKS = YES;
				GCC_WARN_64_TO_32_BIT_CONVERSION = YES;
				GCC_WARN_ABOUT_RETURN_TYPE = YES_ERROR;
				GCC_WARN_UNDECLARED_SELECTOR = YES;
				GCC_WARN_UNINITIALIZED_AUTOS = YES_AGGRESSIVE;
				GCC_WARN_UNUSED_FUNCTION = YES;
				GCC_WARN_UNUSED_VARIABLE = YES;
				IPHONEOS_DEPLOYMENT_TARGET = 10.0;
				MTL_ENABLE_DEBUG_INFO = NO;
				SDKROOT = iphoneos;
				SWIFT_OPTIMIZATION_LEVEL = "-Owholemodule";
				TARGETED_DEVICE_FAMILY = "1,2";
				VALIDATE_PRODUCT = YES;
			};
			name = Release;
		};
		496BAAD41D90B38B00C58C79 /* Debug */ = {
			isa = XCBuildConfiguration;
			baseConfigurationReference = F3B79B58564E37ECF80544BC /* Pods-Chat.debug.xcconfig */;
			buildSettings = {
				ASSETCATALOG_COMPILER_APPICON_NAME = AppIcon;
				INFOPLIST_FILE = Chat/Info.plist;
				LD_RUNPATH_SEARCH_PATHS = "$(inherited) @executable_path/Frameworks";
				PRODUCT_BUNDLE_IDENTIFIER = sfhacks.Chat;
				PRODUCT_NAME = "$(TARGET_NAME)";
				SWIFT_VERSION = 3.0;
			};
			name = Debug;
		};
		496BAAD51D90B38B00C58C79 /* Release */ = {
			isa = XCBuildConfiguration;
			baseConfigurationReference = 51092AA261019412EA6A80EF /* Pods-Chat.release.xcconfig */;
			buildSettings = {
				ASSETCATALOG_COMPILER_APPICON_NAME = AppIcon;
				INFOPLIST_FILE = Chat/Info.plist;
				LD_RUNPATH_SEARCH_PATHS = "$(inherited) @executable_path/Frameworks";
				PRODUCT_BUNDLE_IDENTIFIER = sfhacks.Chat;
				PRODUCT_NAME = "$(TARGET_NAME)";
				SWIFT_VERSION = 3.0;
			};
			name = Release;
		};
/* End XCBuildConfiguration section */

/* Begin XCConfigurationList section */
		496BAABC1D90B38A00C58C79 /* Build configuration list for PBXProject "Chat" */ = {
			isa = XCConfigurationList;
			buildConfigurations = (
				496BAAD11D90B38B00C58C79 /* Debug */,
				496BAAD21D90B38B00C58C79 /* Release */,
			);
			defaultConfigurationIsVisible = 0;
			defaultConfigurationName = Release;
		};
		496BAAD31D90B38B00C58C79 /* Build configuration list for PBXNativeTarget "Chat" */ = {
			isa = XCConfigurationList;
			buildConfigurations = (
				496BAAD41D90B38B00C58C79 /* Debug */,
				496BAAD51D90B38B00C58C79 /* Release */,
			);
			defaultConfigurationIsVisible = 0;
			defaultConfigurationName = Release;
		};
/* End XCConfigurationList section */
	};
	rootObject = 496BAAB91D90B38A00C58C79 /* Project object */;
}
